Microsoft Visual Studio Solution File, Format Version 11.00
# Visual Studio 2008

Project("{3A6C9F96-5DE3-9964-043F-74E2063FD19C}") = "De Zuidlanden final", "Assembly-CSharp-firstpass.csproj", "{672B642E-2A27-82EA-79D0-C5F9533CDB62}"
EndProject
Project("{3A6C9F96-5DE3-9964-043F-74E2063FD19C}") = "De Zuidlanden final", "Assembly-CSharp.csproj", "{4E9F7BAC-2EF5-2CF5-0F4B-5B5EBA9DC6C7}"
EndProject
Project("{3A6C9F96-5DE3-9964-043F-74E2063FD19C}") = "De Zuidlanden final", "Assembly-CSharp-Editor.csproj", "{511F1E1F-4177-A1D2-835F-03B67EB85013}"
EndProject
Project("{3A6C9F96-5DE3-9964-043F-74E2063FD19C}") = "De Zuidlanden final", "Assembly-UnityScript-firstpass.unityproj", "{28A3EEF9-A8F9-DF0B-A09B-40E57DDA0741}"
EndProject
Project("{3A6C9F96-5DE3-9964-043F-74E2063FD19C}") = "De Zuidlanden final", "Assembly-UnityScript-Editor.unityproj", "{5018F3E3-E734-268A-A1F0-066E4E133EE5}"
EndProject
Global
	GlobalSection(SolutionConfigurationPlatforms) = preSolution
		Debug|Any CPU = Debug|Any CPU
		Release|Any CPU = Release|Any CPU
	EndGlobalSection
	GlobalSection(ProjectConfigurationPlatforms) = postSolution
		{672B642E-2A27-82EA-79D0-C5F9533CDB62}.Debug|Any CPU.ActiveCfg = Debug|Any CPU
		{672B642E-2A27-82EA-79D0-C5F9533CDB62}.Debug|Any CPU.Build.0 = Debug|Any CPU
		{672B642E-2A27-82EA-79D0-C5F9533CDB62}.Release|Any CPU.ActiveCfg = Release|Any CPU
		{672B642E-2A27-82EA-79D0-C5F9533CDB62}.Release|Any CPU.Build.0 = Release|Any CPU
		{4E9F7BAC-2EF5-2CF5-0F4B-5B5EBA9DC6C7}.Debug|Any CPU.ActiveCfg = Debug|Any CPU
		{4E9F7BAC-2EF5-2CF5-0F4B-5B5EBA9DC6C7}.Debug|Any CPU.Build.0 = Debug|Any CPU
		{4E9F7BAC-2EF5-2CF5-0F4B-5B5EBA9DC6C7}.Release|Any CPU.ActiveCfg = Release|Any CPU
		{4E9F7BAC-2EF5-2CF5-0F4B-5B5EBA9DC6C7}.Release|Any CPU.Build.0 = Release|Any CPU
		{511F1E1F-4177-A1D2-835F-03B67EB85013}.Debug|Any CPU.ActiveCfg = Debug|Any CPU
		{511F1E1F-4177-A1D2-835F-03B67EB85013}.Debug|Any CPU.Build.0 = Debug|Any CPU
		{511F1E1F-4177-A1D2-835F-03B67EB85013}.Release|Any CPU.ActiveCfg = Release|Any CPU
		{511F1E1F-4177-A1D2-835F-03B67EB85013}.Release|Any CPU.Build.0 = Release|Any CPU
		{28A3EEF9-A8F9-DF0B-A09B-40E57DDA0741}.Debug|Any CPU.ActiveCfg = Debug|Any CPU
		{28A3EEF9-A8F9-DF0B-A09B-40E57DDA0741}.Debug|Any CPU.Build.0 = Debug|Any CPU
		{28A3EEF9-A8F9-DF0B-A09B-40E57DDA0741}.Release|Any CPU.ActiveCfg = Release|Any CPU
		{28A3EEF9-A8F9-DF0B-A09B-40E57DDA0741}.Release|Any CPU.Build.0 = Release|Any CPU
		{5018F3E3-E734-268A-A1F0-066E4E133EE5}.Debug|Any CPU.ActiveCfg = Debug|Any CPU
		{5018F3E3-E734-268A-A1F0-066E4E133EE5}.Debug|Any CPU.Build.0 = Debug|Any CPU
		{5018F3E3-E734-268A-A1F0-066E4E133EE5}.Release|Any CPU.ActiveCfg = Release|Any CPU
		{5018F3E3-E734-268A-A1F0-066E4E133EE5}.Release|Any CPU.Build.0 = Release|Any CPU
	EndGlobalSection
	GlobalSection(SolutionProperties) = preSolution
		HideSolutionNode = FALSE
	EndGlobalSection
																																																																																																																																																																																																														GlobalSection(MonoDevelopProperties) = preSolution
		StartupItem = Assembly-CSharp.csproj
		Policies = $0
		$0.TextStylePolicy = $1
		$1.inheritsSet = null
		$1.scope = text/x-csharp
		$0.CSharpFormattingPolicy = $2
		$2.inheritsSet = Mono
		$2.inheritsScope = text/x-csharp
		$2.scope = text/x-csharp
		$0.TextStylePolicy = $3
		$3.FileWidth = 120
		$3.TabWidth = 4
		$3.EolMarker = Unix
		$3.inheritsSet = Mono
		$3.inheritsScope = text/plain
		$3.scope = text/plain
	EndGlobalSection

EndGlobal
